
Microsoft Visual Studio Solution File, Format Version 12.00
# Visual Studio Version 17
VisualStudioVersion = 17.7.34031.279
MinimumVisualStudioVersion = 10.0.40219.1
Project("{54A90642-561A-4BB1-A94E-469ADEE60C69}") = "vueapp", "vueapp\vueapp.esproj", "{FAA94928-4C97-471E-A39D-6838EBCCC09B}"
EndProject
Project("{9A19103F-16F7-4668-BE54-9A1E7A4F7556}") = "webapi", "webapi\webapi.csproj", "{A34A4595-0678-431D-8CFE-3B4EAF5E2B89}"
EndProject
Global
	GlobalSection(SolutionConfigurationPlatforms) = preSolution
		Debug|Any CPU = Debug|Any CPU
		Release|Any CPU = Release|Any CPU
	EndGlobalSection
	GlobalSection(ProjectConfigurationPlatforms) = postSolution
		{FAA94928-4C97-471E-A39D-6838EBCCC09B}.Debug|Any CPU.ActiveCfg = Debug|Any CPU
		{FAA94928-4C97-471E-A39D-6838EBCCC09B}.Debug|Any CPU.Build.0 = Debug|Any CPU
		{FAA94928-4C97-471E-A39D-6838EBCCC09B}.Debug|Any CPU.Deploy.0 = Debug|Any CPU
		{FAA94928-4C97-471E-A39D-6838EBCCC09B}.Release|Any CPU.ActiveCfg = Release|Any CPU
		{FAA94928-4C97-471E-A39D-6838EBCCC09B}.Release|Any CPU.Build.0 = Release|Any CPU
		{FAA94928-4C97-471E-A39D-6838EBCCC09B}.Release|Any CPU.Deploy.0 = Release|Any CPU
		{A34A4595-0678-431D-8CFE-3B4EAF5E2B89}.Debug|Any CPU.ActiveCfg = Debug|Any CPU
		{A34A4595-0678-431D-8CFE-3B4EAF5E2B89}.Debug|Any CPU.Build.0 = Debug|Any CPU
		{A34A4595-0678-431D-8CFE-3B4EAF5E2B89}.Release|Any CPU.ActiveCfg = Release|Any CPU
		{A34A4595-0678-431D-8CFE-3B4EAF5E2B89}.Release|Any CPU.Build.0 = Release|Any CPU
	EndGlobalSection
	GlobalSection(SolutionProperties) = preSolution
		HideSolutionNode = FALSE
	EndGlobalSection
	GlobalSection(ExtensibilityGlobals) = postSolution
		SolutionGuid = {E9FFD520-E387-49D1-A010-294ADCCCE038}
	EndGlobalSection
EndGlobal
